<Solution>
  <Project Path="eVote360 Pro/eVote360 Pro.csproj" />
  <Project Path="eVote360Pro.Core.Application/eVote360Pro.Core.Application.csproj" />
  <Project Path="eVote360Pro.Core.Domain/eVote360Pro.Core.Domain.csproj" />
  <Project Path="eVote360Pro.Infrastructure.Persistence/eVote360Pro.Infrastructure.Persistence.csproj" />
  <Project Path="eVote360Pro.Infrastructure.Shared/eVote360Pro.Infrastructure.Shared.csproj" Id="fbd7df98-ee74-4bb2-b2d3-07a7c3ad1626" />
</Solution>
