<Solution>
  <Project Path="eVote360 Pro/eVote360 Pro.csproj" />
  <Project Path="eVote360Pro.Core.Application/eVote360Pro.Core.Application.csproj" />
  <Project Path="eVote360Pro.Core.Domain/eVote360Pro.Core.Domain.csproj" />
  <Project Path="eVote360Pro.Infrastructure.Persistence/eVote360Pro.Infrastructure.Persistence.csproj" />
</Solution>
